Microsoft Visual Studio Solution File, Format Version 12.00
# Visual Studio Version 17
VisualStudioVersion = 17.5.2.0
MinimumVisualStudioVersion = 10.0.40219.1
Project("{2150E333-8FDC-42A3-9474-1A3956D46DE8}") = "BestBurger.Backend", "BestBurger.Backend", "{0845E952-D546-12AE-3E2D-49FE56A8A08C}"
EndProject
Project("{FAE04EC0-301F-11D3-BF4B-00C04F79EFBC}") = "BestBurger.API", "BestBurger.Backend\BestBurger.API\BestBurger.API.csproj", "{CA072519-C789-F9D0-907C-5787332C9780}"
EndProject
Global
	GlobalSection(SolutionConfigurationPlatforms) = preSolution
		Debug|Any CPU = Debug|Any CPU
		Release|Any CPU = Release|Any CPU
	EndGlobalSection
	GlobalSection(ProjectConfigurationPlatforms) = postSolution
		{CA072519-C789-F9D0-907C-5787332C9780}.Debug|Any CPU.ActiveCfg = Debug|Any CPU
		{CA072519-C789-F9D0-907C-5787332C9780}.Debug|Any CPU.Build.0 = Debug|Any CPU
		{CA072519-C789-F9D0-907C-5787332C9780}.Release|Any CPU.ActiveCfg = Release|Any CPU
		{CA072519-C789-F9D0-907C-5787332C9780}.Release|Any CPU.Build.0 = Release|Any CPU
	EndGlobalSection
	GlobalSection(SolutionProperties) = preSolution
		HideSolutionNode = FALSE
	EndGlobalSection
	GlobalSection(NestedProjects) = preSolution
		{CA072519-C789-F9D0-907C-5787332C9780} = {0845E952-D546-12AE-3E2D-49FE56A8A08C}
	EndGlobalSection
	GlobalSection(ExtensibilityGlobals) = postSolution
		SolutionGuid = {37DE5F22-B84B-4861-8F21-F2F726E56D6A}
	EndGlobalSection
EndGlobal
